// !$*UTF8*$!
{
	archiveVersion = 1;
	classes = {
	};
	objectVersion = 50;
	objects = {

/* Begin PBXBuildFile section */
		CF036106228F129A009E54C2 /* MainBannerTVCell.swift in Sources */ = {isa = PBXBuildFile; fileRef = CF036105228F129A009E54C2 /* MainBannerTVCell.swift */; };
		CF036108228F12D8009E54C2 /* AutumnTVCell.swift in Sources */ = {isa = PBXBuildFile; fileRef = CF036107228F12D8009E54C2 /* AutumnTVCell.swift */; };
		CF03610A228F12F4009E54C2 /* MenShirtTVCell.swift in Sources */ = {isa = PBXBuildFile; fileRef = CF036109228F12F4009E54C2 /* MenShirtTVCell.swift */; };
		CF03610C228F13AD009E54C2 /* HotTVCell.swift in Sources */ = {isa = PBXBuildFile; fileRef = CF03610B228F13AD009E54C2 /* HotTVCell.swift */; };
		CF03610E228F1509009E54C2 /* ColorSelectionTVCell.swift in Sources */ = {isa = PBXBuildFile; fileRef = CF03610D228F1509009E54C2 /* ColorSelectionTVCell.swift */; };
		CF036110228F15C8009E54C2 /* HomeVC.swift in Sources */ = {isa = PBXBuildFile; fileRef = CF03610F228F15C8009E54C2 /* HomeVC.swift */; };
		CF036116229058F5009E54C2 /* Prodouct.swift in Sources */ = {isa = PBXBuildFile; fileRef = CF036115229058F5009E54C2 /* Prodouct.swift */; };
		CF03611822917791009E54C2 /* Spinner.swift in Sources */ = {isa = PBXBuildFile; fileRef = CF03611722917791009E54C2 /* Spinner.swift */; };
		CF03611A2291879D009E54C2 /* Product.storyboard in Resources */ = {isa = PBXBuildFile; fileRef = CF0361192291879D009E54C2 /* Product.storyboard */; };
		CF03611D2291F0C7009E54C2 /* ProductDetailsVC.swift in Sources */ = {isa = PBXBuildFile; fileRef = CF03611C2291F0C7009E54C2 /* ProductDetailsVC.swift */; };
		CF036120229334CF009E54C2 /* Montserrat-Bold.ttf in Resources */ = {isa = PBXBuildFile; fileRef = CF03611F229334CF009E54C2 /* Montserrat-Bold.ttf */; };
		CF036122229334DD009E54C2 /* Montserrat-Light.ttf in Resources */ = {isa = PBXBuildFile; fileRef = CF036121229334DD009E54C2 /* Montserrat-Light.ttf */; };
		CF03612522933533009E54C2 /* OpenSans-Light.ttf in Resources */ = {isa = PBXBuildFile; fileRef = CF036123229334EE009E54C2 /* OpenSans-Light.ttf */; };
		CF03612622933536009E54C2 /* PlayfairDisplay-Regular.ttf in Resources */ = {isa = PBXBuildFile; fileRef = CF03612422933501009E54C2 /* PlayfairDisplay-Regular.ttf */; };
		CF03612822933874009E54C2 /* Utils.swift in Sources */ = {isa = PBXBuildFile; fileRef = CF03612722933874009E54C2 /* Utils.swift */; };
		CF03612B22934FCB009E54C2 /* ShopMateNavigationController.swift in Sources */ = {isa = PBXBuildFile; fileRef = CF03612A22934FCB009E54C2 /* ShopMateNavigationController.swift */; };
		CF076B2422B610BD00AA2F6E /* ProductAttributes.swift in Sources */ = {isa = PBXBuildFile; fileRef = CF076B2322B610BD00AA2F6E /* ProductAttributes.swift */; };
		CF076B2722B62B0400AA2F6E /* Color.swift in Sources */ = {isa = PBXBuildFile; fileRef = CF076B2622B62B0400AA2F6E /* Color.swift */; };
		CF621E90228C8DC200A4D2AC /* AppDelegate.swift in Sources */ = {isa = PBXBuildFile; fileRef = CF621E8F228C8DC200A4D2AC /* AppDelegate.swift */; };
		CF621E92228C8DC200A4D2AC /* ViewController.swift in Sources */ = {isa = PBXBuildFile; fileRef = CF621E91228C8DC200A4D2AC /* ViewController.swift */; };
		CF621E95228C8DC200A4D2AC /* Main.storyboard in Resources */ = {isa = PBXBuildFile; fileRef = CF621E93228C8DC200A4D2AC /* Main.storyboard */; };
		CF621E97228C8DC400A4D2AC /* Assets.xcassets in Resources */ = {isa = PBXBuildFile; fileRef = CF621E96228C8DC400A4D2AC /* Assets.xcassets */; };
		CF621E9A228C8DC400A4D2AC /* LaunchScreen.storyboard in Resources */ = {isa = PBXBuildFile; fileRef = CF621E98228C8DC400A4D2AC /* LaunchScreen.storyboard */; };
		CF621EB5228CA13700A4D2AC /* ParameterEncoding.swift in Sources */ = {isa = PBXBuildFile; fileRef = CF621EA7228CA13700A4D2AC /* ParameterEncoding.swift */; };
		CF621EB6228CA13700A4D2AC /* URLParameterEncoderJSON.swift in Sources */ = {isa = PBXBuildFile; fileRef = CF621EA8228CA13700A4D2AC /* URLParameterEncoderJSON.swift */; };
		CF621EB7228CA13700A4D2AC /* URLParameterEncoder.swift in Sources */ = {isa = PBXBuildFile; fileRef = CF621EA9228CA13700A4D2AC /* URLParameterEncoder.swift */; };
		CF621EB8228CA13700A4D2AC /* JSONParameterEncoder.swift in Sources */ = {isa = PBXBuildFile; fileRef = CF621EAA228CA13700A4D2AC /* JSONParameterEncoder.swift */; };
		CF621EB9228CA13700A4D2AC /* NetworkManager.swift in Sources */ = {isa = PBXBuildFile; fileRef = CF621EAC228CA13700A4D2AC /* NetworkManager.swift */; };
		CF621EBA228CA13700A4D2AC /* ShopMateEndPoint.swift in Sources */ = {isa = PBXBuildFile; fileRef = CF621EAE228CA13700A4D2AC /* ShopMateEndPoint.swift */; };
		CF621EBB228CA13700A4D2AC /* HTTPTask.swift in Sources */ = {isa = PBXBuildFile; fileRef = CF621EB0228CA13700A4D2AC /* HTTPTask.swift */; };
		CF621EBC228CA13700A4D2AC /* HTTPMethod.swift in Sources */ = {isa = PBXBuildFile; fileRef = CF621EB1228CA13700A4D2AC /* HTTPMethod.swift */; };
		CF621EBD228CA13700A4D2AC /* Router.swift in Sources */ = {isa = PBXBuildFile; fileRef = CF621EB2228CA13700A4D2AC /* Router.swift */; };
		CF621EBE228CA13700A4D2AC /* NetworkLogger.swift in Sources */ = {isa = PBXBuildFile; fileRef = CF621EB3228CA13700A4D2AC /* NetworkLogger.swift */; };
		CF621EBF228CA13700A4D2AC /* EndPointType.swift in Sources */ = {isa = PBXBuildFile; fileRef = CF621EB4228CA13700A4D2AC /* EndPointType.swift */; };
		CFEFBC8D229D8C7E005AA642 /* CartManager.swift in Sources */ = {isa = PBXBuildFile; fileRef = CFEFBC8C229D8C7E005AA642 /* CartManager.swift */; };
		CFEFBC8F229F1CF7005AA642 /* Cart.swift in Sources */ = {isa = PBXBuildFile; fileRef = CFEFBC8E229F1CF7005AA642 /* Cart.swift */; };
/* End PBXBuildFile section */

/* Begin PBXFileReference section */
		CF036105228F129A009E54C2 /* MainBannerTVCell.swift */ = {isa = PBXFileReference; lastKnownFileType = sourcecode.swift; path = MainBannerTVCell.swift; sourceTree = "<group>"; };
		CF036107228F12D8009E54C2 /* AutumnTVCell.swift */ = {isa = PBXFileReference; lastKnownFileType = sourcecode.swift; path = AutumnTVCell.swift; sourceTree = "<group>"; };
		CF036109228F12F4009E54C2 /* MenShirtTVCell.swift */ = {isa = PBXFileReference; lastKnownFileType = sourcecode.swift; path = MenShirtTVCell.swift; sourceTree = "<group>"; };
		CF03610B228F13AD009E54C2 /* HotTVCell.swift */ = {isa = PBXFileReference; lastKnownFileType = sourcecode.swift; path = HotTVCell.swift; sourceTree = "<group>"; };
		CF03610D228F1509009E54C2 /* ColorSelectionTVCell.swift */ = {isa = PBXFileReference; lastKnownFileType = sourcecode.swift; path = ColorSelectionTVCell.swift; sourceTree = "<group>"; };
		CF03610F228F15C8009E54C2 /* HomeVC.swift */ = {isa = PBXFileReference; lastKnownFileType = sourcecode.swift; path = HomeVC.swift; sourceTree = "<group>"; };
		CF036115229058F5009E54C2 /* Prodouct.swift */ = {isa = PBXFileReference; lastKnownFileType = sourcecode.swift; path = Prodouct.swift; sourceTree = "<group>"; };
		CF03611722917791009E54C2 /* Spinner.swift */ = {isa = PBXFileReference; fileEncoding = 4; lastKnownFileType = sourcecode.swift; path = Spinner.swift; sourceTree = "<group>"; };
		CF0361192291879D009E54C2 /* Product.storyboard */ = {isa = PBXFileReference; lastKnownFileType = file.storyboard; path = Product.storyboard; sourceTree = "<group>"; };
		CF03611C2291F0C7009E54C2 /* ProductDetailsVC.swift */ = {isa = PBXFileReference; lastKnownFileType = sourcecode.swift; path = ProductDetailsVC.swift; sourceTree = "<group>"; };
		CF03611F229334CF009E54C2 /* Montserrat-Bold.ttf */ = {isa = PBXFileReference; lastKnownFileType = file; path = "Montserrat-Bold.ttf"; sourceTree = "<group>"; };
		CF036121229334DD009E54C2 /* Montserrat-Light.ttf */ = {isa = PBXFileReference; lastKnownFileType = file; path = "Montserrat-Light.ttf"; sourceTree = "<group>"; };
		CF036123229334EE009E54C2 /* OpenSans-Light.ttf */ = {isa = PBXFileReference; lastKnownFileType = file; path = "OpenSans-Light.ttf"; sourceTree = "<group>"; };
		CF03612422933501009E54C2 /* PlayfairDisplay-Regular.ttf */ = {isa = PBXFileReference; lastKnownFileType = file; path = "PlayfairDisplay-Regular.ttf"; sourceTree = "<group>"; };
		CF03612722933874009E54C2 /* Utils.swift */ = {isa = PBXFileReference; lastKnownFileType = sourcecode.swift; path = Utils.swift; sourceTree = "<group>"; };
		CF03612A22934FCB009E54C2 /* ShopMateNavigationController.swift */ = {isa = PBXFileReference; lastKnownFileType = sourcecode.swift; path = ShopMateNavigationController.swift; sourceTree = "<group>"; };
		CF076B2322B610BD00AA2F6E /* ProductAttributes.swift */ = {isa = PBXFileReference; lastKnownFileType = sourcecode.swift; path = ProductAttributes.swift; sourceTree = "<group>"; };
		CF076B2622B62B0400AA2F6E /* Color.swift */ = {isa = PBXFileReference; lastKnownFileType = sourcecode.swift; path = Color.swift; sourceTree = "<group>"; };
		CF621E8C228C8DC200A4D2AC /* ShopMate.app */ = {isa = PBXFileReference; explicitFileType = wrapper.application; includeInIndex = 0; path = ShopMate.app; sourceTree = BUILT_PRODUCTS_DIR; };
		CF621E8F228C8DC200A4D2AC /* AppDelegate.swift */ = {isa = PBXFileReference; lastKnownFileType = sourcecode.swift; path = AppDelegate.swift; sourceTree = "<group>"; };
		CF621E91228C8DC200A4D2AC /* ViewController.swift */ = {isa = PBXFileReference; lastKnownFileType = sourcecode.swift; path = ViewController.swift; sourceTree = "<group>"; };
		CF621E94228C8DC200A4D2AC /* Base */ = {isa = PBXFileReference; lastKnownFileType = file.storyboard; name = Base; path = Base.lproj/Main.storyboard; sourceTree = "<group>"; };
		CF621E96228C8DC400A4D2AC /* Assets.xcassets */ = {isa = PBXFileReference; lastKnownFileType = folder.assetcatalog; path = Assets.xcassets; sourceTree = "<group>"; };
		CF621E99228C8DC400A4D2AC /* Base */ = {isa = PBXFileReference; lastKnownFileType = file.storyboard; name = Base; path = Base.lproj/LaunchScreen.storyboard; sourceTree = "<group>"; };
		CF621E9B228C8DC400A4D2AC /* Info.plist */ = {isa = PBXFileReference; lastKnownFileType = text.plist.xml; path = Info.plist; sourceTree = "<group>"; };
		CF621EA7228CA13700A4D2AC /* ParameterEncoding.swift */ = {isa = PBXFileReference; fileEncoding = 4; lastKnownFileType = sourcecode.swift; path = ParameterEncoding.swift; sourceTree = "<group>"; };
		CF621EA8228CA13700A4D2AC /* URLParameterEncoderJSON.swift */ = {isa = PBXFileReference; fileEncoding = 4; lastKnownFileType = sourcecode.swift; path = URLParameterEncoderJSON.swift; sourceTree = "<group>"; };
		CF621EA9228CA13700A4D2AC /* URLParameterEncoder.swift */ = {isa = PBXFileReference; fileEncoding = 4; lastKnownFileType = sourcecode.swift; path = URLParameterEncoder.swift; sourceTree = "<group>"; };
		CF621EAA228CA13700A4D2AC /* JSONParameterEncoder.swift */ = {isa = PBXFileReference; fileEncoding = 4; lastKnownFileType = sourcecode.swift; path = JSONParameterEncoder.swift; sourceTree = "<group>"; };
		CF621EAC228CA13700A4D2AC /* NetworkManager.swift */ = {isa = PBXFileReference; fileEncoding = 4; lastKnownFileType = sourcecode.swift; path = NetworkManager.swift; sourceTree = "<group>"; };
		CF621EAE228CA13700A4D2AC /* ShopMateEndPoint.swift */ = {isa = PBXFileReference; fileEncoding = 4; lastKnownFileType = sourcecode.swift; path = ShopMateEndPoint.swift; sourceTree = "<group>"; };
		CF621EB0228CA13700A4D2AC /* HTTPTask.swift */ = {isa = PBXFileReference; fileEncoding = 4; lastKnownFileType = sourcecode.swift; path = HTTPTask.swift; sourceTree = "<group>"; };
		CF621EB1228CA13700A4D2AC /* HTTPMethod.swift */ = {isa = PBXFileReference; fileEncoding = 4; lastKnownFileType = sourcecode.swift; path = HTTPMethod.swift; sourceTree = "<group>"; };
		CF621EB2228CA13700A4D2AC /* Router.swift */ = {isa = PBXFileReference; fileEncoding = 4; lastKnownFileType = sourcecode.swift; path = Router.swift; sourceTree = "<group>"; };
		CF621EB3228CA13700A4D2AC /* NetworkLogger.swift */ = {isa = PBXFileReference; fileEncoding = 4; lastKnownFileType = sourcecode.swift; path = NetworkLogger.swift; sourceTree = "<group>"; };
		CF621EB4228CA13700A4D2AC /* EndPointType.swift */ = {isa = PBXFileReference; fileEncoding = 4; lastKnownFileType = sourcecode.swift; path = EndPointType.swift; sourceTree = "<group>"; };
		CFEFBC8C229D8C7E005AA642 /* CartManager.swift */ = {isa = PBXFileReference; lastKnownFileType = sourcecode.swift; path = CartManager.swift; sourceTree = "<group>"; };
		CFEFBC8E229F1CF7005AA642 /* Cart.swift */ = {isa = PBXFileReference; lastKnownFileType = sourcecode.swift; path = Cart.swift; sourceTree = "<group>"; };
/* End PBXFileReference section */

/* Begin PBXFrameworksBuildPhase section */
		CF621E89228C8DC200A4D2AC /* Frameworks */ = {
			isa = PBXFrameworksBuildPhase;
			buildActionMask = 2147483647;
			files = (
			);
			runOnlyForDeploymentPostprocessing = 0;
		};
/* End PBXFrameworksBuildPhase section */

/* Begin PBXGroup section */
		CF036103228F1211009E54C2 /* Home */ = {
			isa = PBXGroup;
			children = (
				CF036104228F1259009E54C2 /* Cells */,
				CF03610F228F15C8009E54C2 /* HomeVC.swift */,
			);
			path = Home;
			sourceTree = "<group>";
		};
		CF036104228F1259009E54C2 /* Cells */ = {
			isa = PBXGroup;
			children = (
				CF036105228F129A009E54C2 /* MainBannerTVCell.swift */,
				CF036107228F12D8009E54C2 /* AutumnTVCell.swift */,
				CF036109228F12F4009E54C2 /* MenShirtTVCell.swift */,
				CF03610B228F13AD009E54C2 /* HotTVCell.swift */,
				CF03610D228F1509009E54C2 /* ColorSelectionTVCell.swift */,
			);
			path = Cells;
			sourceTree = "<group>";
		};
		CF036112229023D5009E54C2 /* Models */ = {
			isa = PBXGroup;
			children = (
				CF036115229058F5009E54C2 /* Prodouct.swift */,
				CFEFBC8E229F1CF7005AA642 /* Cart.swift */,
				CF076B2322B610BD00AA2F6E /* ProductAttributes.swift */,
			);
			path = Models;
			sourceTree = "<group>";
		};
		CF03611422905841009E54C2 /* Utils */ = {
			isa = PBXGroup;
			children = (
				CF076B2522B62AE300AA2F6E /* Extensions */,
				CFEFBC8B229D8C52005AA642 /* Managers */,
				CF03612922934F89009E54C2 /* Custom subclasses */,
				CF03611722917791009E54C2 /* Spinner.swift */,
				CF03612722933874009E54C2 /* Utils.swift */,
			);
			path = Utils;
			sourceTree = "<group>";
		};
		CF03611B2291F0A5009E54C2 /* Product */ = {
			isa = PBXGroup;
			children = (
				CF03611C2291F0C7009E54C2 /* ProductDetailsVC.swift */,
			);
			path = Product;
			sourceTree = "<group>";
		};
		CF03611E22933497009E54C2 /* Fonts */ = {
			isa = PBXGroup;
			children = (
				CF03611F229334CF009E54C2 /* Montserrat-Bold.ttf */,
				CF036121229334DD009E54C2 /* Montserrat-Light.ttf */,
				CF036123229334EE009E54C2 /* OpenSans-Light.ttf */,
				CF03612422933501009E54C2 /* PlayfairDisplay-Regular.ttf */,
			);
			path = Fonts;
			sourceTree = "<group>";
		};
		CF03612922934F89009E54C2 /* Custom subclasses */ = {
			isa = PBXGroup;
			children = (
				CF03612A22934FCB009E54C2 /* ShopMateNavigationController.swift */,
			);
			path = "Custom subclasses";
			sourceTree = "<group>";
		};
		CF076B2522B62AE300AA2F6E /* Extensions */ = {
			isa = PBXGroup;
			children = (
				CF076B2622B62B0400AA2F6E /* Color.swift */,
			);
			path = Extensions;
			sourceTree = "<group>";
		};
		CF621E83228C8DC200A4D2AC = {
			isa = PBXGroup;
			children = (
				CF621E8E228C8DC200A4D2AC /* ShopMate */,
				CF621E8D228C8DC200A4D2AC /* Products */,
			);
			sourceTree = "<group>";
		};
		CF621E8D228C8DC200A4D2AC /* Products */ = {
			isa = PBXGroup;
			children = (
				CF621E8C228C8DC200A4D2AC /* ShopMate.app */,
			);
			name = Products;
			sourceTree = "<group>";
		};
		CF621E8E228C8DC200A4D2AC /* ShopMate */ = {
			isa = PBXGroup;
			children = (
				CF621EA3228C8FC500A4D2AC /* Application */,
				CF03611422905841009E54C2 /* Utils */,
				CF036112229023D5009E54C2 /* Models */,
				CF621EA5228CA13700A4D2AC /* Networking */,
				CF621EA1228C8F9A00A4D2AC /* View Controllers */,
				CF621EA2228C8FB300A4D2AC /* Storyboards */,
				CF621EA4228C8FD300A4D2AC /* Third Party */,
			);
			path = ShopMate;
			sourceTree = "<group>";
		};
		CF621EA1228C8F9A00A4D2AC /* View Controllers */ = {
			isa = PBXGroup;
			children = (
				CF03611B2291F0A5009E54C2 /* Product */,
				CF036103228F1211009E54C2 /* Home */,
				CF621E91228C8DC200A4D2AC /* ViewController.swift */,
			);
			path = "View Controllers";
			sourceTree = "<group>";
		};
		CF621EA2228C8FB300A4D2AC /* Storyboards */ = {
			isa = PBXGroup;
			children = (
				CF621E93228C8DC200A4D2AC /* Main.storyboard */,
				CF621E98228C8DC400A4D2AC /* LaunchScreen.storyboard */,
				CF0361192291879D009E54C2 /* Product.storyboard */,
			);
			path = Storyboards;
			sourceTree = "<group>";
		};
		CF621EA3228C8FC500A4D2AC /* Application */ = {
			isa = PBXGroup;
			children = (
				CF03611E22933497009E54C2 /* Fonts */,
				CF621E8F228C8DC200A4D2AC /* AppDelegate.swift */,
				CF621E9B228C8DC400A4D2AC /* Info.plist */,
				CF621E96228C8DC400A4D2AC /* Assets.xcassets */,
			);
			path = Application;
			sourceTree = "<group>";
		};
		CF621EA4228C8FD300A4D2AC /* Third Party */ = {
			isa = PBXGroup;
			children = (
			);
			path = "Third Party";
			sourceTree = "<group>";
		};
		CF621EA5228CA13700A4D2AC /* Networking */ = {
			isa = PBXGroup;
			children = (
				CF621EA6228CA13700A4D2AC /* Encoding */,
				CF621EAB228CA13700A4D2AC /* Manager */,
				CF621EAD228CA13700A4D2AC /* EndPoint */,
				CF621EAF228CA13700A4D2AC /* Service */,
			);
			path = Networking;
			sourceTree = "<group>";
		};
		CF621EA6228CA13700A4D2AC /* Encoding */ = {
			isa = PBXGroup;
			children = (
				CF621EA7228CA13700A4D2AC /* ParameterEncoding.swift */,
				CF621EA8228CA13700A4D2AC /* URLParameterEncoderJSON.swift */,
				CF621EA9228CA13700A4D2AC /* URLParameterEncoder.swift */,
				CF621EAA228CA13700A4D2AC /* JSONParameterEncoder.swift */,
			);
			path = Encoding;
			sourceTree = "<group>";
		};
		CF621EAB228CA13700A4D2AC /* Manager */ = {
			isa = PBXGroup;
			children = (
				CF621EAC228CA13700A4D2AC /* NetworkManager.swift */,
			);
			path = Manager;
			sourceTree = "<group>";
		};
		CF621EAD228CA13700A4D2AC /* EndPoint */ = {
			isa = PBXGroup;
			children = (
				CF621EAE228CA13700A4D2AC /* ShopMateEndPoint.swift */,
			);
			path = EndPoint;
			sourceTree = "<group>";
		};
		CF621EAF228CA13700A4D2AC /* Service */ = {
			isa = PBXGroup;
			children = (
				CF621EB0228CA13700A4D2AC /* HTTPTask.swift */,
				CF621EB1228CA13700A4D2AC /* HTTPMethod.swift */,
				CF621EB2228CA13700A4D2AC /* Router.swift */,
				CF621EB3228CA13700A4D2AC /* NetworkLogger.swift */,
				CF621EB4228CA13700A4D2AC /* EndPointType.swift */,
			);
			path = Service;
			sourceTree = "<group>";
		};
		CFEFBC8B229D8C52005AA642 /* Managers */ = {
			isa = PBXGroup;
			children = (
				CFEFBC8C229D8C7E005AA642 /* CartManager.swift */,
			);
			path = Managers;
			sourceTree = "<group>";
		};
/* End PBXGroup section */

/* Begin PBXNativeTarget section */
		CF621E8B228C8DC200A4D2AC /* ShopMate */ = {
			isa = PBXNativeTarget;
			buildConfigurationList = CF621E9E228C8DC400A4D2AC /* Build configuration list for PBXNativeTarget "ShopMate" */;
			buildPhases = (
				CF621E88228C8DC200A4D2AC /* Sources */,
				CF621E89228C8DC200A4D2AC /* Frameworks */,
				CF621E8A228C8DC200A4D2AC /* Resources */,
			);
			buildRules = (
			);
			dependencies = (
			);
			name = ShopMate;
			productName = ShopMate;
			productReference = CF621E8C228C8DC200A4D2AC /* ShopMate.app */;
			productType = "com.apple.product-type.application";
		};
/* End PBXNativeTarget section */

/* Begin PBXProject section */
		CF621E84228C8DC200A4D2AC /* Project object */ = {
			isa = PBXProject;
			attributes = {
				LastSwiftUpdateCheck = 1020;
				LastUpgradeCheck = 1020;
				ORGANIZATIONNAME = "Hassaan Fayyaz Ahmed";
				TargetAttributes = {
					CF621E8B228C8DC200A4D2AC = {
						CreatedOnToolsVersion = 10.2.1;
					};
				};
			};
			buildConfigurationList = CF621E87228C8DC200A4D2AC /* Build configuration list for PBXProject "ShopMate" */;
			compatibilityVersion = "Xcode 9.3";
			developmentRegion = en;
			hasScannedForEncodings = 0;
			knownRegions = (
				en,
				Base,
			);
			mainGroup = CF621E83228C8DC200A4D2AC;
			productRefGroup = CF621E8D228C8DC200A4D2AC /* Products */;
			projectDirPath = "";
			projectRoot = "";
			targets = (
				CF621E8B228C8DC200A4D2AC /* ShopMate */,
			);
		};
/* End PBXProject section */

/* Begin PBXResourcesBuildPhase section */
		CF621E8A228C8DC200A4D2AC /* Resources */ = {
			isa = PBXResourcesBuildPhase;
			buildActionMask = 2147483647;
			files = (
				CF036122229334DD009E54C2 /* Montserrat-Light.ttf in Resources */,
				CF036120229334CF009E54C2 /* Montserrat-Bold.ttf in Resources */,
				CF03612522933533009E54C2 /* OpenSans-Light.ttf in Resources */,
				CF621E9A228C8DC400A4D2AC /* LaunchScreen.storyboard in Resources */,
				CF03612622933536009E54C2 /* PlayfairDisplay-Regular.ttf in Resources */,
				CF621E97228C8DC400A4D2AC /* Assets.xcassets in Resources */,
				CF03611A2291879D009E54C2 /* Product.storyboard in Resources */,
				CF621E95228C8DC200A4D2AC /* Main.storyboard in Resources */,
			);
			runOnlyForDeploymentPostprocessing = 0;
		};
/* End PBXResourcesBuildPhase section */

/* Begin PBXSourcesBuildPhase section */
		CF621E88228C8DC200A4D2AC /* Sources */ = {
			isa = PBXSourcesBuildPhase;
			buildActionMask = 2147483647;
			files = (
				CF076B2422B610BD00AA2F6E /* ProductAttributes.swift in Sources */,
				CF621EBE228CA13700A4D2AC /* NetworkLogger.swift in Sources */,
				CF621EBD228CA13700A4D2AC /* Router.swift in Sources */,
				CF03612B22934FCB009E54C2 /* ShopMateNavigationController.swift in Sources */,
				CFEFBC8F229F1CF7005AA642 /* Cart.swift in Sources */,
				CF621EBF228CA13700A4D2AC /* EndPointType.swift in Sources */,
				CF03610A228F12F4009E54C2 /* MenShirtTVCell.swift in Sources */,
				CFEFBC8D229D8C7E005AA642 /* CartManager.swift in Sources */,
				CF036108228F12D8009E54C2 /* AutumnTVCell.swift in Sources */,
				CF076B2722B62B0400AA2F6E /* Color.swift in Sources */,
				CF621EB5228CA13700A4D2AC /* ParameterEncoding.swift in Sources */,
				CF03610E228F1509009E54C2 /* ColorSelectionTVCell.swift in Sources */,
				CF621EBA228CA13700A4D2AC /* ShopMateEndPoint.swift in Sources */,
				CF03610C228F13AD009E54C2 /* HotTVCell.swift in Sources */,
				CF621E92228C8DC200A4D2AC /* ViewController.swift in Sources */,
				CF03611822917791009E54C2 /* Spinner.swift in Sources */,
				CF621EBB228CA13700A4D2AC /* HTTPTask.swift in Sources */,
				CF621EB8228CA13700A4D2AC /* JSONParameterEncoder.swift in Sources */,
				CF621EB9228CA13700A4D2AC /* NetworkManager.swift in Sources */,
				CF621EB6228CA13700A4D2AC /* URLParameterEncoderJSON.swift in Sources */,
				CF03612822933874009E54C2 /* Utils.swift in Sources */,
				CF621EB7228CA13700A4D2AC /* URLParameterEncoder.swift in Sources */,
				CF621EBC228CA13700A4D2AC /* HTTPMethod.swift in Sources */,
				CF036106228F129A009E54C2 /* MainBannerTVCell.swift in Sources */,
				CF036116229058F5009E54C2 /* Prodouct.swift in Sources */,
				CF03611D2291F0C7009E54C2 /* ProductDetailsVC.swift in Sources */,
				CF036110228F15C8009E54C2 /* HomeVC.swift in Sources */,
				CF621E90228C8DC200A4D2AC /* AppDelegate.swift in Sources */,
			);
			runOnlyForDeploymentPostprocessing = 0;
		};
/* End PBXSourcesBuildPhase section */

/* Begin PBXVariantGroup section */
		CF621E93228C8DC200A4D2AC /* Main.storyboard */ = {
			isa = PBXVariantGroup;
			children = (
				CF621E94228C8DC200A4D2AC /* Base */,
			);
			name = Main.storyboard;
			sourceTree = "<group>";
		};
		CF621E98228C8DC400A4D2AC /* LaunchScreen.storyboard */ = {
			isa = PBXVariantGroup;
			children = (
				CF621E99228C8DC400A4D2AC /* Base */,
			);
			name = LaunchScreen.storyboard;
			sourceTree = "<group>";
		};
/* End PBXVariantGroup section */

/* Begin XCBuildConfiguration section */
		CF621E9C228C8DC400A4D2AC /* Debug */ = {
			isa = XCBuildConfiguration;
			buildSettings = {
				ALWAYS_SEARCH_USER_PATHS = NO;
				CLANG_ANALYZER_NONNULL = YES;
				CLANG_ANALYZER_NUMBER_OBJECT_CONVERSION = YES_AGGRESSIVE;
				CLANG_CXX_LANGUAGE_STANDARD = "gnu++14";
				CLANG_CXX_LIBRARY = "libc++";
				CLANG_ENABLE_MODULES = YES;
				CLANG_ENABLE_OBJC_ARC = YES;
				CLANG_ENABLE_OBJC_WEAK = YES;
				CLANG_WARN_BLOCK_CAPTURE_AUTORELEASING = YES;
				CLANG_WARN_BOOL_CONVERSION = YES;
				CLANG_WARN_COMMA = YES;
				CLANG_WARN_CONSTANT_CONVERSION = YES;
				CLANG_WARN_DEPRECATED_OBJC_IMPLEMENTATIONS = YES;
				CLANG_WARN_DIRECT_OBJC_ISA_USAGE = YES_ERROR;
				CLANG_WARN_DOCUMENTATION_COMMENTS = YES;
				CLANG_WARN_EMPTY_BODY = YES;
				CLANG_WARN_ENUM_CONVERSION = YES;
				CLANG_WARN_INFINITE_RECURSION = YES;
				CLANG_WARN_INT_CONVERSION = YES;
				CLANG_WARN_NON_LITERAL_NULL_CONVERSION = YES;
				CLANG_WARN_OBJC_IMPLICIT_RETAIN_SELF = YES;
				CLANG_WARN_OBJC_LITERAL_CONVERSION = YES;
				CLANG_WARN_OBJC_ROOT_CLASS = YES_ERROR;
				CLANG_WARN_RANGE_LOOP_ANALYSIS = YES;
				CLANG_WARN_STRICT_PROTOTYPES = YES;
				CLANG_WARN_SUSPICIOUS_MOVE = YES;
				CLANG_WARN_UNGUARDED_AVAILABILITY = YES_AGGRESSIVE;
				CLANG_WARN_UNREACHABLE_CODE = YES;
				CLANG_WARN__DUPLICATE_METHOD_MATCH = YES;
				CODE_SIGN_IDENTITY = "iPhone Developer";
				COPY_PHASE_STRIP = NO;
				DEBUG_INFORMATION_FORMAT = dwarf;
				ENABLE_STRICT_OBJC_MSGSEND = YES;
				ENABLE_TESTABILITY = YES;
				GCC_C_LANGUAGE_STANDARD = gnu11;
				GCC_DYNAMIC_NO_PIC = NO;
				GCC_NO_COMMON_BLOCKS = YES;
				GCC_OPTIMIZATION_LEVEL = 0;
				GCC_PREPROCESSOR_DEFINITIONS = (
					"DEBUG=1",
					"$(inherited)",
				);
				GCC_WARN_64_TO_32_BIT_CONVERSION = YES;
				GCC_WARN_ABOUT_RETURN_TYPE = YES_ERROR;
				GCC_WARN_UNDECLARED_SELECTOR = YES;
				GCC_WARN_UNINITIALIZED_AUTOS = YES_AGGRESSIVE;
				GCC_WARN_UNUSED_FUNCTION = YES;
				GCC_WARN_UNUSED_VARIABLE = YES;
				IPHONEOS_DEPLOYMENT_TARGET = 12.2;
				MTL_ENABLE_DEBUG_INFO = INCLUDE_SOURCE;
				MTL_FAST_MATH = YES;
				ONLY_ACTIVE_ARCH = YES;
				SDKROOT = iphoneos;
				SWIFT_ACTIVE_COMPILATION_CONDITIONS = DEBUG;
				SWIFT_OPTIMIZATION_LEVEL = "-Onone";
			};
			name = Debug;
		};
		CF621E9D228C8DC400A4D2AC /* Release */ = {
			isa = XCBuildConfiguration;
			buildSettings = {
				ALWAYS_SEARCH_USER_PATHS = NO;
				CLANG_ANALYZER_NONNULL = YES;
				CLANG_ANALYZER_NUMBER_OBJECT_CONVERSION = YES_AGGRESSIVE;
				CLANG_CXX_LANGUAGE_STANDARD = "gnu++14";
				CLANG_CXX_LIBRARY = "libc++";
				CLANG_ENABLE_MODULES = YES;
				CLANG_ENABLE_OBJC_ARC = YES;
				CLANG_ENABLE_OBJC_WEAK = YES;
				CLANG_WARN_BLOCK_CAPTURE_AUTORELEASING = YES;
				CLANG_WARN_BOOL_CONVERSION = YES;
				CLANG_WARN_COMMA = YES;
				CLANG_WARN_CONSTANT_CONVERSION = YES;
				CLANG_WARN_DEPRECATED_OBJC_IMPLEMENTATIONS = YES;
				CLANG_WARN_DIRECT_OBJC_ISA_USAGE = YES_ERROR;
				CLANG_WARN_DOCUMENTATION_COMMENTS = YES;
				CLANG_WARN_EMPTY_BODY = YES;
				CLANG_WARN_ENUM_CONVERSION = YES;
				CLANG_WARN_INFINITE_RECURSION = YES;
				CLANG_WARN_INT_CONVERSION = YES;
				CLANG_WARN_NON_LITERAL_NULL_CONVERSION = YES;
				CLANG_WARN_OBJC_IMPLICIT_RETAIN_SELF = YES;
				CLANG_WARN_OBJC_LITERAL_CONVERSION = YES;
				CLANG_WARN_OBJC_ROOT_CLASS = YES_ERROR;
				CLANG_WARN_RANGE_LOOP_ANALYSIS = YES;
				CLANG_WARN_STRICT_PROTOTYPES = YES;
				CLANG_WARN_SUSPICIOUS_MOVE = YES;
				CLANG_WARN_UNGUARDED_AVAILABILITY = YES_AGGRESSIVE;
				CLANG_WARN_UNREACHABLE_CODE = YES;
				CLANG_WARN__DUPLICATE_METHOD_MATCH = YES;
				CODE_SIGN_IDENTITY = "iPhone Developer";
				COPY_PHASE_STRIP = NO;
				DEBUG_INFORMATION_FORMAT = "dwarf-with-dsym";
				ENABLE_NS_ASSERTIONS = NO;
				ENABLE_STRICT_OBJC_MSGSEND = YES;
				GCC_C_LANGUAGE_STANDARD = gnu11;
				GCC_NO_COMMON_BLOCKS = YES;
				GCC_WARN_64_TO_32_BIT_CONVERSION = YES;
				GCC_WARN_ABOUT_RETURN_TYPE = YES_ERROR;
				GCC_WARN_UNDECLARED_SELECTOR = YES;
				GCC_WARN_UNINITIALIZED_AUTOS = YES_AGGRESSIVE;
				GCC_WARN_UNUSED_FUNCTION = YES;
				GCC_WARN_UNUSED_VARIABLE = YES;
				IPHONEOS_DEPLOYMENT_TARGET = 12.2;
				MTL_ENABLE_DEBUG_INFO = NO;
				MTL_FAST_MATH = YES;
				SDKROOT = iphoneos;
				SWIFT_COMPILATION_MODE = wholemodule;
				SWIFT_OPTIMIZATION_LEVEL = "-O";
				VALIDATE_PRODUCT = YES;
			};
			name = Release;
		};
		CF621E9F228C8DC400A4D2AC /* Debug */ = {
			isa = XCBuildConfiguration;
			buildSettings = {
				ASSETCATALOG_COMPILER_APPICON_NAME = AppIcon;
				CODE_SIGN_STYLE = Automatic;
				INFOPLIST_FILE = ShopMate/Application/Info.plist;
				IPHONEOS_DEPLOYMENT_TARGET = 12.0;
				LD_RUNPATH_SEARCH_PATHS = (
					"$(inherited)",
					"@executable_path/Frameworks",
				);
				PRODUCT_BUNDLE_IDENTIFIER = Hassaan.ShopMate;
				PRODUCT_NAME = "$(TARGET_NAME)";
				SWIFT_VERSION = 5.0;
				TARGETED_DEVICE_FAMILY = 1;
			};
			name = Debug;
		};
		CF621EA0228C8DC400A4D2AC /* Release */ = {
			isa = XCBuildConfiguration;
			buildSettings = {
				ASSETCATALOG_COMPILER_APPICON_NAME = AppIcon;
				CODE_SIGN_STYLE = Automatic;
				INFOPLIST_FILE = ShopMate/Application/Info.plist;
				IPHONEOS_DEPLOYMENT_TARGET = 12.0;
				LD_RUNPATH_SEARCH_PATHS = (
					"$(inherited)",
					"@executable_path/Frameworks",
				);
				PRODUCT_BUNDLE_IDENTIFIER = Hassaan.ShopMate;
				PRODUCT_NAME = "$(TARGET_NAME)";
				SWIFT_VERSION = 5.0;
				TARGETED_DEVICE_FAMILY = 1;
			};
			name = Release;
		};
/* End XCBuildConfiguration section */

/* Begin XCConfigurationList section */
		CF621E87228C8DC200A4D2AC /* Build configuration list for PBXProject "ShopMate" */ = {
			isa = XCConfigurationList;
			buildConfigurations = (
				CF621E9C228C8DC400A4D2AC /* Debug */,
				CF621E9D228C8DC400A4D2AC /* Release */,
			);
			defaultConfigurationIsVisible = 0;
			defaultConfigurationName = Release;
		};
		CF621E9E228C8DC400A4D2AC /* Build configuration list for PBXNativeTarget "ShopMate" */ = {
			isa = XCConfigurationList;
			buildConfigurations = (
				CF621E9F228C8DC400A4D2AC /* Debug */,
				CF621EA0228C8DC400A4D2AC /* Release */,
			);
			defaultConfigurationIsVisible = 0;
			defaultConfigurationName = Release;
		};
/* End XCConfigurationList section */
	};
	rootObject = CF621E84228C8DC200A4D2AC /* Project object */;
}
